
Microsoft Visual Studio Solution File, Format Version 12.00
# Visual Studio 15
VisualStudioVersion = 15.0.28307.168
MinimumVisualStudioVersion = 10.0.40219.1
Project("{FAE04EC0-301F-11D3-BF4B-00C04F79EFBC}") = "ConsoleApp1", "ConsoleApp1\ConsoleApp1.csproj", "{A7286D0D-E59E-4A25-A5E0-ADF1F9357444}"
EndProject
Global
	GlobalSection(SolutionConfigurationPlatforms) = preSolution
		Debug|Any CPU = Debug|Any CPU
		Release|Any CPU = Release|Any CPU
	EndGlobalSection
	GlobalSection(ProjectConfigurationPlatforms) = postSolution
		{A7286D0D-E59E-4A25-A5E0-ADF1F9357444}.Debug|Any CPU.ActiveCfg = Debug|Any CPU
		{A7286D0D-E59E-4A25-A5E0-ADF1F9357444}.Debug|Any CPU.Build.0 = Debug|Any CPU
		{A7286D0D-E59E-4A25-A5E0-ADF1F9357444}.Release|Any CPU.ActiveCfg = Release|Any CPU
		{A7286D0D-E59E-4A25-A5E0-ADF1F9357444}.Release|Any CPU.Build.0 = Release|Any CPU
	EndGlobalSection
	GlobalSection(SolutionProperties) = preSolution
		HideSolutionNode = FALSE
	EndGlobalSection
	GlobalSection(ExtensibilityGlobals) = postSolution
		SolutionGuid = {B980C84D-A6A9-4F0D-8BA3-5341F70FCD3B}
	EndGlobalSection
EndGlobal
